
Microsoft Visual Studio Solution File, Format Version 12.00
# Visual Studio Version 17
VisualStudioVersion = 17.6.33815.320
MinimumVisualStudioVersion = 10.0.40219.1
Project("{FAE04EC0-301F-11D3-BF4B-00C04F79EFBC}") = "A047_Power", "A047_Power\A047_Power.csproj", "{C06AD2C8-E131-43E4-9EDA-CA5BCBA9ED49}"
EndProject
Global
	GlobalSection(SolutionConfigurationPlatforms) = preSolution
		Debug|Any CPU = Debug|Any CPU
		Release|Any CPU = Release|Any CPU
	EndGlobalSection
	GlobalSection(ProjectConfigurationPlatforms) = postSolution
		{C06AD2C8-E131-43E4-9EDA-CA5BCBA9ED49}.Debug|Any CPU.ActiveCfg = Debug|Any CPU
		{C06AD2C8-E131-43E4-9EDA-CA5BCBA9ED49}.Debug|Any CPU.Build.0 = Debug|Any CPU
		{C06AD2C8-E131-43E4-9EDA-CA5BCBA9ED49}.Release|Any CPU.ActiveCfg = Release|Any CPU
		{C06AD2C8-E131-43E4-9EDA-CA5BCBA9ED49}.Release|Any CPU.Build.0 = Release|Any CPU
	EndGlobalSection
	GlobalSection(SolutionProperties) = preSolution
		HideSolutionNode = FALSE
	EndGlobalSection
	GlobalSection(ExtensibilityGlobals) = postSolution
		SolutionGuid = {1A2F4207-85DF-4D61-A8C8-BDE8834C04B3}
	EndGlobalSection
EndGlobal
