
Microsoft Visual Studio Solution File, Format Version 12.00
# Visual Studio Version 17
VisualStudioVersion = 17.7.34302.85
MinimumVisualStudioVersion = 10.0.40219.1
Project("{FAE04EC0-301F-11D3-BF4B-00C04F79EFBC}") = "A123_LinqToCollection", "A123_LinqToCollection\A123_LinqToCollection.csproj", "{F7363BF6-66A0-4463-993E-4DE61960DD25}"
EndProject
Global
	GlobalSection(SolutionConfigurationPlatforms) = preSolution
		Debug|Any CPU = Debug|Any CPU
		Release|Any CPU = Release|Any CPU
	EndGlobalSection
	GlobalSection(ProjectConfigurationPlatforms) = postSolution
		{F7363BF6-66A0-4463-993E-4DE61960DD25}.Debug|Any CPU.ActiveCfg = Debug|Any CPU
		{F7363BF6-66A0-4463-993E-4DE61960DD25}.Debug|Any CPU.Build.0 = Debug|Any CPU
		{F7363BF6-66A0-4463-993E-4DE61960DD25}.Release|Any CPU.ActiveCfg = Release|Any CPU
		{F7363BF6-66A0-4463-993E-4DE61960DD25}.Release|Any CPU.Build.0 = Release|Any CPU
	EndGlobalSection
	GlobalSection(SolutionProperties) = preSolution
		HideSolutionNode = FALSE
	EndGlobalSection
	GlobalSection(ExtensibilityGlobals) = postSolution
		SolutionGuid = {907FBB67-5348-4573-8E38-A6DC9E939649}
	EndGlobalSection
EndGlobal
