
Microsoft Visual Studio Solution File, Format Version 12.00
# Visual Studio Version 17
VisualStudioVersion = 17.6.33815.320
MinimumVisualStudioVersion = 10.0.40219.1
Project("{FAE04EC0-301F-11D3-BF4B-00C04F79EFBC}") = "A075_Factorial", "A075_Factorial\A075_Factorial.csproj", "{C61F4790-3D24-47BB-9C40-4B71BAE52E89}"
EndProject
Global
	GlobalSection(SolutionConfigurationPlatforms) = preSolution
		Debug|Any CPU = Debug|Any CPU
		Release|Any CPU = Release|Any CPU
	EndGlobalSection
	GlobalSection(ProjectConfigurationPlatforms) = postSolution
		{C61F4790-3D24-47BB-9C40-4B71BAE52E89}.Debug|Any CPU.ActiveCfg = Debug|Any CPU
		{C61F4790-3D24-47BB-9C40-4B71BAE52E89}.Debug|Any CPU.Build.0 = Debug|Any CPU
		{C61F4790-3D24-47BB-9C40-4B71BAE52E89}.Release|Any CPU.ActiveCfg = Release|Any CPU
		{C61F4790-3D24-47BB-9C40-4B71BAE52E89}.Release|Any CPU.Build.0 = Release|Any CPU
	EndGlobalSection
	GlobalSection(SolutionProperties) = preSolution
		HideSolutionNode = FALSE
	EndGlobalSection
	GlobalSection(ExtensibilityGlobals) = postSolution
		SolutionGuid = {DD93BEB7-7098-477E-9DD8-64DF192F5729}
	EndGlobalSection
EndGlobal
