
Microsoft Visual Studio Solution File, Format Version 12.00
# Visual Studio Version 17
VisualStudioVersion = 17.7.34302.85
MinimumVisualStudioVersion = 10.0.40219.1
Project("{FAE04EC0-301F-11D3-BF4B-00C04F79EFBC}") = "A107_IComparable", "A107_IComparable\A107_IComparable.csproj", "{9BCDBB16-7649-44D4-BA91-997D2A70E931}"
EndProject
Global
	GlobalSection(SolutionConfigurationPlatforms) = preSolution
		Debug|Any CPU = Debug|Any CPU
		Release|Any CPU = Release|Any CPU
	EndGlobalSection
	GlobalSection(ProjectConfigurationPlatforms) = postSolution
		{9BCDBB16-7649-44D4-BA91-997D2A70E931}.Debug|Any CPU.ActiveCfg = Debug|Any CPU
		{9BCDBB16-7649-44D4-BA91-997D2A70E931}.Debug|Any CPU.Build.0 = Debug|Any CPU
		{9BCDBB16-7649-44D4-BA91-997D2A70E931}.Release|Any CPU.ActiveCfg = Release|Any CPU
		{9BCDBB16-7649-44D4-BA91-997D2A70E931}.Release|Any CPU.Build.0 = Release|Any CPU
	EndGlobalSection
	GlobalSection(SolutionProperties) = preSolution
		HideSolutionNode = FALSE
	EndGlobalSection
	GlobalSection(ExtensibilityGlobals) = postSolution
		SolutionGuid = {27F8F888-5494-4F05-803F-F16480DB87A9}
	EndGlobalSection
EndGlobal
