
Microsoft Visual Studio Solution File, Format Version 12.00
# Visual Studio Version 17
VisualStudioVersion = 17.6.33815.320
MinimumVisualStudioVersion = 10.0.40219.1
Project("{FAE04EC0-301F-11D3-BF4B-00C04F79EFBC}") = "A057_ArrayBasic", "A057_ArrayBasic\A057_ArrayBasic.csproj", "{7865E428-AC71-4F75-9C19-8F72312C4268}"
EndProject
Global
	GlobalSection(SolutionConfigurationPlatforms) = preSolution
		Debug|Any CPU = Debug|Any CPU
		Release|Any CPU = Release|Any CPU
	EndGlobalSection
	GlobalSection(ProjectConfigurationPlatforms) = postSolution
		{7865E428-AC71-4F75-9C19-8F72312C4268}.Debug|Any CPU.ActiveCfg = Debug|Any CPU
		{7865E428-AC71-4F75-9C19-8F72312C4268}.Debug|Any CPU.Build.0 = Debug|Any CPU
		{7865E428-AC71-4F75-9C19-8F72312C4268}.Release|Any CPU.ActiveCfg = Release|Any CPU
		{7865E428-AC71-4F75-9C19-8F72312C4268}.Release|Any CPU.Build.0 = Release|Any CPU
	EndGlobalSection
	GlobalSection(SolutionProperties) = preSolution
		HideSolutionNode = FALSE
	EndGlobalSection
	GlobalSection(ExtensibilityGlobals) = postSolution
		SolutionGuid = {CCCDEDA1-2B4C-4A3F-9F6D-34128C26803C}
	EndGlobalSection
EndGlobal
