
Microsoft Visual Studio Solution File, Format Version 12.00
# Visual Studio Version 17
VisualStudioVersion = 17.6.33815.320
MinimumVisualStudioVersion = 10.0.40219.1
Project("{FAE04EC0-301F-11D3-BF4B-00C04F79EFBC}") = "A004_Variable", "A004_Variable\A004_Variable.csproj", "{76E10300-4498-4967-845F-C19E81769569}"
EndProject
Global
	GlobalSection(SolutionConfigurationPlatforms) = preSolution
		Debug|Any CPU = Debug|Any CPU
		Release|Any CPU = Release|Any CPU
	EndGlobalSection
	GlobalSection(ProjectConfigurationPlatforms) = postSolution
		{76E10300-4498-4967-845F-C19E81769569}.Debug|Any CPU.ActiveCfg = Debug|Any CPU
		{76E10300-4498-4967-845F-C19E81769569}.Debug|Any CPU.Build.0 = Debug|Any CPU
		{76E10300-4498-4967-845F-C19E81769569}.Release|Any CPU.ActiveCfg = Release|Any CPU
		{76E10300-4498-4967-845F-C19E81769569}.Release|Any CPU.Build.0 = Release|Any CPU
	EndGlobalSection
	GlobalSection(SolutionProperties) = preSolution
		HideSolutionNode = FALSE
	EndGlobalSection
	GlobalSection(ExtensibilityGlobals) = postSolution
		SolutionGuid = {C31CA11A-9027-414F-9135-A7239D5C534F}
	EndGlobalSection
EndGlobal
