
Microsoft Visual Studio Solution File, Format Version 12.00
# Visual Studio Version 17
VisualStudioVersion = 17.7.34302.85
MinimumVisualStudioVersion = 10.0.40219.1
Project("{FAE04EC0-301F-11D3-BF4B-00C04F79EFBC}") = "A130_MessageBox", "A130_MessageBox\A130_MessageBox.csproj", "{1B1BB5E8-AD40-42C2-8599-A04E48EE1A86}"
EndProject
Global
	GlobalSection(SolutionConfigurationPlatforms) = preSolution
		Debug|Any CPU = Debug|Any CPU
		Release|Any CPU = Release|Any CPU
	EndGlobalSection
	GlobalSection(ProjectConfigurationPlatforms) = postSolution
		{1B1BB5E8-AD40-42C2-8599-A04E48EE1A86}.Debug|Any CPU.ActiveCfg = Debug|Any CPU
		{1B1BB5E8-AD40-42C2-8599-A04E48EE1A86}.Debug|Any CPU.Build.0 = Debug|Any CPU
		{1B1BB5E8-AD40-42C2-8599-A04E48EE1A86}.Release|Any CPU.ActiveCfg = Release|Any CPU
		{1B1BB5E8-AD40-42C2-8599-A04E48EE1A86}.Release|Any CPU.Build.0 = Release|Any CPU
	EndGlobalSection
	GlobalSection(SolutionProperties) = preSolution
		HideSolutionNode = FALSE
	EndGlobalSection
	GlobalSection(ExtensibilityGlobals) = postSolution
		SolutionGuid = {5E59F5F8-BF35-486D-9660-AA8097CCDFB0}
	EndGlobalSection
EndGlobal
