
Microsoft Visual Studio Solution File, Format Version 12.00
# Visual Studio Version 17
VisualStudioVersion = 17.6.33815.320
MinimumVisualStudioVersion = 10.0.40219.1
Project("{FAE04EC0-301F-11D3-BF4B-00C04F79EFBC}") = "A053_SumOfFactorials", "A053_SumOfFactorials\A053_SumOfFactorials.csproj", "{2E6F2237-1BFF-4A3D-93AD-ABB0261F4127}"
EndProject
Global
	GlobalSection(SolutionConfigurationPlatforms) = preSolution
		Debug|Any CPU = Debug|Any CPU
		Release|Any CPU = Release|Any CPU
	EndGlobalSection
	GlobalSection(ProjectConfigurationPlatforms) = postSolution
		{2E6F2237-1BFF-4A3D-93AD-ABB0261F4127}.Debug|Any CPU.ActiveCfg = Debug|Any CPU
		{2E6F2237-1BFF-4A3D-93AD-ABB0261F4127}.Debug|Any CPU.Build.0 = Debug|Any CPU
		{2E6F2237-1BFF-4A3D-93AD-ABB0261F4127}.Release|Any CPU.ActiveCfg = Release|Any CPU
		{2E6F2237-1BFF-4A3D-93AD-ABB0261F4127}.Release|Any CPU.Build.0 = Release|Any CPU
	EndGlobalSection
	GlobalSection(SolutionProperties) = preSolution
		HideSolutionNode = FALSE
	EndGlobalSection
	GlobalSection(ExtensibilityGlobals) = postSolution
		SolutionGuid = {3AB81B5B-1FE4-4F1B-8885-90C78F6688F1}
	EndGlobalSection
EndGlobal
