
Microsoft Visual Studio Solution File, Format Version 12.00
# Visual Studio Version 17
VisualStudioVersion = 17.7.34302.85
MinimumVisualStudioVersion = 10.0.40219.1
Project("{FAE04EC0-301F-11D3-BF4B-00C04F79EFBC}") = "A094_GenericClass", "A094_GenericClass\A094_GenericClass.csproj", "{B11D460B-D0C0-43A6-9724-0776910E6411}"
EndProject
Global
	GlobalSection(SolutionConfigurationPlatforms) = preSolution
		Debug|Any CPU = Debug|Any CPU
		Release|Any CPU = Release|Any CPU
	EndGlobalSection
	GlobalSection(ProjectConfigurationPlatforms) = postSolution
		{B11D460B-D0C0-43A6-9724-0776910E6411}.Debug|Any CPU.ActiveCfg = Debug|Any CPU
		{B11D460B-D0C0-43A6-9724-0776910E6411}.Debug|Any CPU.Build.0 = Debug|Any CPU
		{B11D460B-D0C0-43A6-9724-0776910E6411}.Release|Any CPU.ActiveCfg = Release|Any CPU
		{B11D460B-D0C0-43A6-9724-0776910E6411}.Release|Any CPU.Build.0 = Release|Any CPU
	EndGlobalSection
	GlobalSection(SolutionProperties) = preSolution
		HideSolutionNode = FALSE
	EndGlobalSection
	GlobalSection(ExtensibilityGlobals) = postSolution
		SolutionGuid = {DC25880B-4FB4-47CC-B738-D644B86BE703}
	EndGlobalSection
EndGlobal
