
Microsoft Visual Studio Solution File, Format Version 12.00
# Visual Studio Version 17
VisualStudioVersion = 17.6.33815.320
MinimumVisualStudioVersion = 10.0.40219.1
Project("{FAE04EC0-301F-11D3-BF4B-00C04F79EFBC}") = "A030_GruopSeparator", "A030_GruopSeparator\A030_GruopSeparator.csproj", "{907AC881-0B70-4D7F-B348-F7BA19EE1695}"
EndProject
Global
	GlobalSection(SolutionConfigurationPlatforms) = preSolution
		Debug|Any CPU = Debug|Any CPU
		Release|Any CPU = Release|Any CPU
	EndGlobalSection
	GlobalSection(ProjectConfigurationPlatforms) = postSolution
		{907AC881-0B70-4D7F-B348-F7BA19EE1695}.Debug|Any CPU.ActiveCfg = Debug|Any CPU
		{907AC881-0B70-4D7F-B348-F7BA19EE1695}.Debug|Any CPU.Build.0 = Debug|Any CPU
		{907AC881-0B70-4D7F-B348-F7BA19EE1695}.Release|Any CPU.ActiveCfg = Release|Any CPU
		{907AC881-0B70-4D7F-B348-F7BA19EE1695}.Release|Any CPU.Build.0 = Release|Any CPU
	EndGlobalSection
	GlobalSection(SolutionProperties) = preSolution
		HideSolutionNode = FALSE
	EndGlobalSection
	GlobalSection(ExtensibilityGlobals) = postSolution
		SolutionGuid = {96EEA789-CD78-4AFD-A94A-82FB592DA260}
	EndGlobalSection
EndGlobal
