
Microsoft Visual Studio Solution File, Format Version 12.00
# Visual Studio Version 17
VisualStudioVersion = 17.6.33815.320
MinimumVisualStudioVersion = 10.0.40219.1
Project("{FAE04EC0-301F-11D3-BF4B-00C04F79EFBC}") = "A046_MinMax", "A046_MinMax\A046_MinMax.csproj", "{D3E1F186-6256-432A-BE1B-32FD0FD90B9B}"
EndProject
Global
	GlobalSection(SolutionConfigurationPlatforms) = preSolution
		Debug|Any CPU = Debug|Any CPU
		Release|Any CPU = Release|Any CPU
	EndGlobalSection
	GlobalSection(ProjectConfigurationPlatforms) = postSolution
		{D3E1F186-6256-432A-BE1B-32FD0FD90B9B}.Debug|Any CPU.ActiveCfg = Debug|Any CPU
		{D3E1F186-6256-432A-BE1B-32FD0FD90B9B}.Debug|Any CPU.Build.0 = Debug|Any CPU
		{D3E1F186-6256-432A-BE1B-32FD0FD90B9B}.Release|Any CPU.ActiveCfg = Release|Any CPU
		{D3E1F186-6256-432A-BE1B-32FD0FD90B9B}.Release|Any CPU.Build.0 = Release|Any CPU
	EndGlobalSection
	GlobalSection(SolutionProperties) = preSolution
		HideSolutionNode = FALSE
	EndGlobalSection
	GlobalSection(ExtensibilityGlobals) = postSolution
		SolutionGuid = {43619C20-0C0B-4736-99D9-D83F6572AB7D}
	EndGlobalSection
EndGlobal
