
Microsoft Visual Studio Solution File, Format Version 12.00
# Visual Studio Version 17
VisualStudioVersion = 17.6.33815.320
MinimumVisualStudioVersion = 10.0.40219.1
Project("{FAE04EC0-301F-11D3-BF4B-00C04F79EFBC}") = "A082_HanoiTower", "A082_HanoiTower\A082_HanoiTower.csproj", "{34D6BA11-A1A2-4048-A21B-57EBF2F6681E}"
EndProject
Global
	GlobalSection(SolutionConfigurationPlatforms) = preSolution
		Debug|Any CPU = Debug|Any CPU
		Release|Any CPU = Release|Any CPU
	EndGlobalSection
	GlobalSection(ProjectConfigurationPlatforms) = postSolution
		{34D6BA11-A1A2-4048-A21B-57EBF2F6681E}.Debug|Any CPU.ActiveCfg = Debug|Any CPU
		{34D6BA11-A1A2-4048-A21B-57EBF2F6681E}.Debug|Any CPU.Build.0 = Debug|Any CPU
		{34D6BA11-A1A2-4048-A21B-57EBF2F6681E}.Release|Any CPU.ActiveCfg = Release|Any CPU
		{34D6BA11-A1A2-4048-A21B-57EBF2F6681E}.Release|Any CPU.Build.0 = Release|Any CPU
	EndGlobalSection
	GlobalSection(SolutionProperties) = preSolution
		HideSolutionNode = FALSE
	EndGlobalSection
	GlobalSection(ExtensibilityGlobals) = postSolution
		SolutionGuid = {FD63EB4F-5756-45D5-BEA7-6AC3ECBB25D2}
	EndGlobalSection
EndGlobal
