
Microsoft Visual Studio Solution File, Format Version 12.00
# Visual Studio Version 17
VisualStudioVersion = 17.6.33815.320
MinimumVisualStudioVersion = 10.0.40219.1
Project("{FAE04EC0-301F-11D3-BF4B-00C04F79EFBC}") = "A067_InstanceMethod", "A067_InstanceMethod\A067_InstanceMethod.csproj", "{59D157FE-E863-4C63-987E-8F0E3726FBDA}"
EndProject
Global
	GlobalSection(SolutionConfigurationPlatforms) = preSolution
		Debug|Any CPU = Debug|Any CPU
		Release|Any CPU = Release|Any CPU
	EndGlobalSection
	GlobalSection(ProjectConfigurationPlatforms) = postSolution
		{59D157FE-E863-4C63-987E-8F0E3726FBDA}.Debug|Any CPU.ActiveCfg = Debug|Any CPU
		{59D157FE-E863-4C63-987E-8F0E3726FBDA}.Debug|Any CPU.Build.0 = Debug|Any CPU
		{59D157FE-E863-4C63-987E-8F0E3726FBDA}.Release|Any CPU.ActiveCfg = Release|Any CPU
		{59D157FE-E863-4C63-987E-8F0E3726FBDA}.Release|Any CPU.Build.0 = Release|Any CPU
	EndGlobalSection
	GlobalSection(SolutionProperties) = preSolution
		HideSolutionNode = FALSE
	EndGlobalSection
	GlobalSection(ExtensibilityGlobals) = postSolution
		SolutionGuid = {B58EBC0B-8556-4575-9FE0-4564A7B1D0E7}
	EndGlobalSection
EndGlobal
