
Microsoft Visual Studio Solution File, Format Version 12.00
# Visual Studio Version 17
VisualStudioVersion = 17.7.34302.85
MinimumVisualStudioVersion = 10.0.40219.1
Project("{FAE04EC0-301F-11D3-BF4B-00C04F79EFBC}") = "A100_QueueImplemetation", "A100_QueueImplemetation\A100_QueueImplemetation.csproj", "{022162DC-C416-4665-A8D5-B6DF997ED21C}"
EndProject
Global
	GlobalSection(SolutionConfigurationPlatforms) = preSolution
		Debug|Any CPU = Debug|Any CPU
		Release|Any CPU = Release|Any CPU
	EndGlobalSection
	GlobalSection(ProjectConfigurationPlatforms) = postSolution
		{022162DC-C416-4665-A8D5-B6DF997ED21C}.Debug|Any CPU.ActiveCfg = Debug|Any CPU
		{022162DC-C416-4665-A8D5-B6DF997ED21C}.Debug|Any CPU.Build.0 = Debug|Any CPU
		{022162DC-C416-4665-A8D5-B6DF997ED21C}.Release|Any CPU.ActiveCfg = Release|Any CPU
		{022162DC-C416-4665-A8D5-B6DF997ED21C}.Release|Any CPU.Build.0 = Release|Any CPU
	EndGlobalSection
	GlobalSection(SolutionProperties) = preSolution
		HideSolutionNode = FALSE
	EndGlobalSection
	GlobalSection(ExtensibilityGlobals) = postSolution
		SolutionGuid = {9668270C-6763-4F35-A26F-4FAB8DE8110A}
	EndGlobalSection
EndGlobal
