
Microsoft Visual Studio Solution File, Format Version 12.00
# Visual Studio Version 17
VisualStudioVersion = 17.6.33815.320
MinimumVisualStudioVersion = 10.0.40219.1
Project("{FAE04EC0-301F-11D3-BF4B-00C04F79EFBC}") = "A079_RecursivePower", "A079_RecursivePower\A079_RecursivePower.csproj", "{8DF18044-05FB-42C5-BB9B-9E3CD30E6276}"
EndProject
Global
	GlobalSection(SolutionConfigurationPlatforms) = preSolution
		Debug|Any CPU = Debug|Any CPU
		Release|Any CPU = Release|Any CPU
	EndGlobalSection
	GlobalSection(ProjectConfigurationPlatforms) = postSolution
		{8DF18044-05FB-42C5-BB9B-9E3CD30E6276}.Debug|Any CPU.ActiveCfg = Debug|Any CPU
		{8DF18044-05FB-42C5-BB9B-9E3CD30E6276}.Debug|Any CPU.Build.0 = Debug|Any CPU
		{8DF18044-05FB-42C5-BB9B-9E3CD30E6276}.Release|Any CPU.ActiveCfg = Release|Any CPU
		{8DF18044-05FB-42C5-BB9B-9E3CD30E6276}.Release|Any CPU.Build.0 = Release|Any CPU
	EndGlobalSection
	GlobalSection(SolutionProperties) = preSolution
		HideSolutionNode = FALSE
	EndGlobalSection
	GlobalSection(ExtensibilityGlobals) = postSolution
		SolutionGuid = {FB4BC53D-E31D-4FF1-895A-0D01FE91EB26}
	EndGlobalSection
EndGlobal
