
Microsoft Visual Studio Solution File, Format Version 12.00
# Visual Studio Version 17
VisualStudioVersion = 17.7.34302.85
MinimumVisualStudioVersion = 10.0.40219.1
Project("{FAE04EC0-301F-11D3-BF4B-00C04F79EFBC}") = "A104_Alphabetical", "A104_Alphabetical\A104_Alphabetical.csproj", "{07DBCB6E-23B6-41A5-9B28-AE62E22A80B4}"
EndProject
Global
	GlobalSection(SolutionConfigurationPlatforms) = preSolution
		Debug|Any CPU = Debug|Any CPU
		Release|Any CPU = Release|Any CPU
	EndGlobalSection
	GlobalSection(ProjectConfigurationPlatforms) = postSolution
		{07DBCB6E-23B6-41A5-9B28-AE62E22A80B4}.Debug|Any CPU.ActiveCfg = Debug|Any CPU
		{07DBCB6E-23B6-41A5-9B28-AE62E22A80B4}.Debug|Any CPU.Build.0 = Debug|Any CPU
		{07DBCB6E-23B6-41A5-9B28-AE62E22A80B4}.Release|Any CPU.ActiveCfg = Release|Any CPU
		{07DBCB6E-23B6-41A5-9B28-AE62E22A80B4}.Release|Any CPU.Build.0 = Release|Any CPU
	EndGlobalSection
	GlobalSection(SolutionProperties) = preSolution
		HideSolutionNode = FALSE
	EndGlobalSection
	GlobalSection(ExtensibilityGlobals) = postSolution
		SolutionGuid = {D50B14F6-B394-46F0-9210-0C8CB764E0C6}
	EndGlobalSection
EndGlobal
