
Microsoft Visual Studio Solution File, Format Version 12.00
# Visual Studio Version 17
VisualStudioVersion = 17.7.34302.85
MinimumVisualStudioVersion = 10.0.40219.1
Project("{FAE04EC0-301F-11D3-BF4B-00C04F79EFBC}") = "A114_AnonymousDelegate", "A114_AnonymousDelegate\A114_AnonymousDelegate.csproj", "{718C43DA-A7C6-4672-A35B-5C501A7F4C60}"
EndProject
Global
	GlobalSection(SolutionConfigurationPlatforms) = preSolution
		Debug|Any CPU = Debug|Any CPU
		Release|Any CPU = Release|Any CPU
	EndGlobalSection
	GlobalSection(ProjectConfigurationPlatforms) = postSolution
		{718C43DA-A7C6-4672-A35B-5C501A7F4C60}.Debug|Any CPU.ActiveCfg = Debug|Any CPU
		{718C43DA-A7C6-4672-A35B-5C501A7F4C60}.Debug|Any CPU.Build.0 = Debug|Any CPU
		{718C43DA-A7C6-4672-A35B-5C501A7F4C60}.Release|Any CPU.ActiveCfg = Release|Any CPU
		{718C43DA-A7C6-4672-A35B-5C501A7F4C60}.Release|Any CPU.Build.0 = Release|Any CPU
	EndGlobalSection
	GlobalSection(SolutionProperties) = preSolution
		HideSolutionNode = FALSE
	EndGlobalSection
	GlobalSection(ExtensibilityGlobals) = postSolution
		SolutionGuid = {EADC12A3-21F8-40BB-9AAA-60CB34E3F312}
	EndGlobalSection
EndGlobal
