
Microsoft Visual Studio Solution File, Format Version 12.00
# Visual Studio Version 17
VisualStudioVersion = 17.6.33815.320
MinimumVisualStudioVersion = 10.0.40219.1
Project("{FAE04EC0-301F-11D3-BF4B-00C04F79EFBC}") = "A080_RecursiveFactorial", "A080_RecursiveFactorial\A080_RecursiveFactorial.csproj", "{2B94607F-C096-4ACA-A7D4-3C0E074D5C34}"
EndProject
Global
	GlobalSection(SolutionConfigurationPlatforms) = preSolution
		Debug|Any CPU = Debug|Any CPU
		Release|Any CPU = Release|Any CPU
	EndGlobalSection
	GlobalSection(ProjectConfigurationPlatforms) = postSolution
		{2B94607F-C096-4ACA-A7D4-3C0E074D5C34}.Debug|Any CPU.ActiveCfg = Debug|Any CPU
		{2B94607F-C096-4ACA-A7D4-3C0E074D5C34}.Debug|Any CPU.Build.0 = Debug|Any CPU
		{2B94607F-C096-4ACA-A7D4-3C0E074D5C34}.Release|Any CPU.ActiveCfg = Release|Any CPU
		{2B94607F-C096-4ACA-A7D4-3C0E074D5C34}.Release|Any CPU.Build.0 = Release|Any CPU
	EndGlobalSection
	GlobalSection(SolutionProperties) = preSolution
		HideSolutionNode = FALSE
	EndGlobalSection
	GlobalSection(ExtensibilityGlobals) = postSolution
		SolutionGuid = {768B49DF-940A-4AE0-999D-5860D5B144DF}
	EndGlobalSection
EndGlobal
