
Microsoft Visual Studio Solution File, Format Version 12.00
# Visual Studio Version 17
VisualStudioVersion = 17.7.34302.85
MinimumVisualStudioVersion = 10.0.40219.1
Project("{FAE04EC0-301F-11D3-BF4B-00C04F79EFBC}") = "A103_List", "A103_List\A103_List.csproj", "{CEB8FC28-ABDA-46DB-BE37-FD97AD630887}"
EndProject
Global
	GlobalSection(SolutionConfigurationPlatforms) = preSolution
		Debug|Any CPU = Debug|Any CPU
		Release|Any CPU = Release|Any CPU
	EndGlobalSection
	GlobalSection(ProjectConfigurationPlatforms) = postSolution
		{CEB8FC28-ABDA-46DB-BE37-FD97AD630887}.Debug|Any CPU.ActiveCfg = Debug|Any CPU
		{CEB8FC28-ABDA-46DB-BE37-FD97AD630887}.Debug|Any CPU.Build.0 = Debug|Any CPU
		{CEB8FC28-ABDA-46DB-BE37-FD97AD630887}.Release|Any CPU.ActiveCfg = Release|Any CPU
		{CEB8FC28-ABDA-46DB-BE37-FD97AD630887}.Release|Any CPU.Build.0 = Release|Any CPU
	EndGlobalSection
	GlobalSection(SolutionProperties) = preSolution
		HideSolutionNode = FALSE
	EndGlobalSection
	GlobalSection(ExtensibilityGlobals) = postSolution
		SolutionGuid = {85F2F9E5-BA90-45FA-9320-076BF3AB47F4}
	EndGlobalSection
EndGlobal
