
Microsoft Visual Studio Solution File, Format Version 12.00
# Visual Studio Version 17
VisualStudioVersion = 17.6.33815.320
MinimumVisualStudioVersion = 10.0.40219.1
Project("{FAE04EC0-301F-11D3-BF4B-00C04F79EFBC}") = "DatabaseTest", "DatabaseTest\DatabaseTest.csproj", "{B44AFE13-B3FF-4B60-B043-B1069713F6E8}"
EndProject
Global
	GlobalSection(SolutionConfigurationPlatforms) = preSolution
		Debug|Any CPU = Debug|Any CPU
		Release|Any CPU = Release|Any CPU
	EndGlobalSection
	GlobalSection(ProjectConfigurationPlatforms) = postSolution
		{B44AFE13-B3FF-4B60-B043-B1069713F6E8}.Debug|Any CPU.ActiveCfg = Debug|Any CPU
		{B44AFE13-B3FF-4B60-B043-B1069713F6E8}.Debug|Any CPU.Build.0 = Debug|Any CPU
		{B44AFE13-B3FF-4B60-B043-B1069713F6E8}.Release|Any CPU.ActiveCfg = Release|Any CPU
		{B44AFE13-B3FF-4B60-B043-B1069713F6E8}.Release|Any CPU.Build.0 = Release|Any CPU
	EndGlobalSection
	GlobalSection(SolutionProperties) = preSolution
		HideSolutionNode = FALSE
	EndGlobalSection
	GlobalSection(ExtensibilityGlobals) = postSolution
		SolutionGuid = {6FF2B1A3-AB26-4C84-81A4-04A38B076D36}
	EndGlobalSection
EndGlobal
