
Microsoft Visual Studio Solution File, Format Version 12.00
# Visual Studio Version 17
VisualStudioVersion = 17.6.33815.320
MinimumVisualStudioVersion = 10.0.40219.1
Project("{FAE04EC0-301F-11D3-BF4B-00C04F79EFBC}") = "A043_Loop", "A043_Loop\A043_Loop.csproj", "{A1E56244-B6B9-4F24-8CE9-01915F6F0AF9}"
EndProject
Global
	GlobalSection(SolutionConfigurationPlatforms) = preSolution
		Debug|Any CPU = Debug|Any CPU
		Release|Any CPU = Release|Any CPU
	EndGlobalSection
	GlobalSection(ProjectConfigurationPlatforms) = postSolution
		{A1E56244-B6B9-4F24-8CE9-01915F6F0AF9}.Debug|Any CPU.ActiveCfg = Debug|Any CPU
		{A1E56244-B6B9-4F24-8CE9-01915F6F0AF9}.Debug|Any CPU.Build.0 = Debug|Any CPU
		{A1E56244-B6B9-4F24-8CE9-01915F6F0AF9}.Release|Any CPU.ActiveCfg = Release|Any CPU
		{A1E56244-B6B9-4F24-8CE9-01915F6F0AF9}.Release|Any CPU.Build.0 = Release|Any CPU
	EndGlobalSection
	GlobalSection(SolutionProperties) = preSolution
		HideSolutionNode = FALSE
	EndGlobalSection
	GlobalSection(ExtensibilityGlobals) = postSolution
		SolutionGuid = {BB7E7106-3A65-4944-9738-DA3EE46E36A8}
	EndGlobalSection
EndGlobal
