
Microsoft Visual Studio Solution File, Format Version 12.00
# Visual Studio Version 17
VisualStudioVersion = 17.6.33815.320
MinimumVisualStudioVersion = 10.0.40219.1
Project("{FAE04EC0-301F-11D3-BF4B-00C04F79EFBC}") = "A073_AgeCalculator", "A073_AgeCalculator\A073_AgeCalculator.csproj", "{157FC231-1A98-4167-B304-19FF9068D900}"
EndProject
Global
	GlobalSection(SolutionConfigurationPlatforms) = preSolution
		Debug|Any CPU = Debug|Any CPU
		Release|Any CPU = Release|Any CPU
	EndGlobalSection
	GlobalSection(ProjectConfigurationPlatforms) = postSolution
		{157FC231-1A98-4167-B304-19FF9068D900}.Debug|Any CPU.ActiveCfg = Debug|Any CPU
		{157FC231-1A98-4167-B304-19FF9068D900}.Debug|Any CPU.Build.0 = Debug|Any CPU
		{157FC231-1A98-4167-B304-19FF9068D900}.Release|Any CPU.ActiveCfg = Release|Any CPU
		{157FC231-1A98-4167-B304-19FF9068D900}.Release|Any CPU.Build.0 = Release|Any CPU
	EndGlobalSection
	GlobalSection(SolutionProperties) = preSolution
		HideSolutionNode = FALSE
	EndGlobalSection
	GlobalSection(ExtensibilityGlobals) = postSolution
		SolutionGuid = {F7FE34A5-9C90-4F7F-97CF-0C6129409ACB}
	EndGlobalSection
EndGlobal
