
Microsoft Visual Studio Solution File, Format Version 12.00
# Visual Studio Version 17
VisualStudioVersion = 17.6.33815.320
MinimumVisualStudioVersion = 10.0.40219.1
Project("{FAE04EC0-301F-11D3-BF4B-00C04F79EFBC}") = "A020_RelationalOperator", "A020_RelationalOperator\A020_RelationalOperator.csproj", "{DDEE4B51-0EA7-4DE9-8A45-E266DED47EB8}"
EndProject
Global
	GlobalSection(SolutionConfigurationPlatforms) = preSolution
		Debug|Any CPU = Debug|Any CPU
		Release|Any CPU = Release|Any CPU
	EndGlobalSection
	GlobalSection(ProjectConfigurationPlatforms) = postSolution
		{DDEE4B51-0EA7-4DE9-8A45-E266DED47EB8}.Debug|Any CPU.ActiveCfg = Debug|Any CPU
		{DDEE4B51-0EA7-4DE9-8A45-E266DED47EB8}.Debug|Any CPU.Build.0 = Debug|Any CPU
		{DDEE4B51-0EA7-4DE9-8A45-E266DED47EB8}.Release|Any CPU.ActiveCfg = Release|Any CPU
		{DDEE4B51-0EA7-4DE9-8A45-E266DED47EB8}.Release|Any CPU.Build.0 = Release|Any CPU
	EndGlobalSection
	GlobalSection(SolutionProperties) = preSolution
		HideSolutionNode = FALSE
	EndGlobalSection
	GlobalSection(ExtensibilityGlobals) = postSolution
		SolutionGuid = {102B8F30-5D8F-4C5C-AC80-CBA26E483BFB}
	EndGlobalSection
EndGlobal
