
Microsoft Visual Studio Solution File, Format Version 12.00
# Visual Studio Version 17
VisualStudioVersion = 17.6.33815.320
MinimumVisualStudioVersion = 10.0.40219.1
Project("{FAE04EC0-301F-11D3-BF4B-00C04F79EFBC}") = "A009_VariablesAndWrite", "A009_VariablesAndWrite\A009_VariablesAndWrite.csproj", "{DE05532B-0CC1-4EC0-9D5E-939FBEB00DCA}"
EndProject
Global
	GlobalSection(SolutionConfigurationPlatforms) = preSolution
		Debug|Any CPU = Debug|Any CPU
		Release|Any CPU = Release|Any CPU
	EndGlobalSection
	GlobalSection(ProjectConfigurationPlatforms) = postSolution
		{DE05532B-0CC1-4EC0-9D5E-939FBEB00DCA}.Debug|Any CPU.ActiveCfg = Debug|Any CPU
		{DE05532B-0CC1-4EC0-9D5E-939FBEB00DCA}.Debug|Any CPU.Build.0 = Debug|Any CPU
		{DE05532B-0CC1-4EC0-9D5E-939FBEB00DCA}.Release|Any CPU.ActiveCfg = Release|Any CPU
		{DE05532B-0CC1-4EC0-9D5E-939FBEB00DCA}.Release|Any CPU.Build.0 = Release|Any CPU
	EndGlobalSection
	GlobalSection(SolutionProperties) = preSolution
		HideSolutionNode = FALSE
	EndGlobalSection
	GlobalSection(ExtensibilityGlobals) = postSolution
		SolutionGuid = {3A748B50-9E6A-4502-8AAB-76537D5A2CED}
	EndGlobalSection
EndGlobal
