
Microsoft Visual Studio Solution File, Format Version 12.00
# Visual Studio Version 17
VisualStudioVersion = 17.7.34302.85
MinimumVisualStudioVersion = 10.0.40219.1
Project("{FAE04EC0-301F-11D3-BF4B-00C04F79EFBC}") = "A126_FormWithConsole", "A126_FormWithConsole\A126_FormWithConsole.csproj", "{F637ACE8-0ADE-4266-99BF-AED0CD0E64C3}"
EndProject
Global
	GlobalSection(SolutionConfigurationPlatforms) = preSolution
		Debug|Any CPU = Debug|Any CPU
		Release|Any CPU = Release|Any CPU
	EndGlobalSection
	GlobalSection(ProjectConfigurationPlatforms) = postSolution
		{F637ACE8-0ADE-4266-99BF-AED0CD0E64C3}.Debug|Any CPU.ActiveCfg = Debug|Any CPU
		{F637ACE8-0ADE-4266-99BF-AED0CD0E64C3}.Debug|Any CPU.Build.0 = Debug|Any CPU
		{F637ACE8-0ADE-4266-99BF-AED0CD0E64C3}.Release|Any CPU.ActiveCfg = Release|Any CPU
		{F637ACE8-0ADE-4266-99BF-AED0CD0E64C3}.Release|Any CPU.Build.0 = Release|Any CPU
	EndGlobalSection
	GlobalSection(SolutionProperties) = preSolution
		HideSolutionNode = FALSE
	EndGlobalSection
	GlobalSection(ExtensibilityGlobals) = postSolution
		SolutionGuid = {5B715443-5FBB-4077-BF4E-DF672A4CE9CA}
	EndGlobalSection
EndGlobal
