
Microsoft Visual Studio Solution File, Format Version 12.00
# Visual Studio Version 17
VisualStudioVersion = 17.6.33815.320
MinimumVisualStudioVersion = 10.0.40219.1
Project("{FAE04EC0-301F-11D3-BF4B-00C04F79EFBC}") = "A060_ArraySorting", "A060_ArraySorting\A060_ArraySorting.csproj", "{02A8C415-D04C-4AE0-B420-F898B78674DF}"
EndProject
Global
	GlobalSection(SolutionConfigurationPlatforms) = preSolution
		Debug|Any CPU = Debug|Any CPU
		Release|Any CPU = Release|Any CPU
	EndGlobalSection
	GlobalSection(ProjectConfigurationPlatforms) = postSolution
		{02A8C415-D04C-4AE0-B420-F898B78674DF}.Debug|Any CPU.ActiveCfg = Debug|Any CPU
		{02A8C415-D04C-4AE0-B420-F898B78674DF}.Debug|Any CPU.Build.0 = Debug|Any CPU
		{02A8C415-D04C-4AE0-B420-F898B78674DF}.Release|Any CPU.ActiveCfg = Release|Any CPU
		{02A8C415-D04C-4AE0-B420-F898B78674DF}.Release|Any CPU.Build.0 = Release|Any CPU
	EndGlobalSection
	GlobalSection(SolutionProperties) = preSolution
		HideSolutionNode = FALSE
	EndGlobalSection
	GlobalSection(ExtensibilityGlobals) = postSolution
		SolutionGuid = {79DBEF9F-F32D-49E6-AF8D-397F70A70C7C}
	EndGlobalSection
EndGlobal
