
Microsoft Visual Studio Solution File, Format Version 12.00
# Visual Studio Version 17
VisualStudioVersion = 17.7.34302.85
MinimumVisualStudioVersion = 10.0.40219.1
Project("{FAE04EC0-301F-11D3-BF4B-00C04F79EFBC}") = "A108_Queue", "A108_Queue\A108_Queue.csproj", "{357F2AEC-F3D3-4C35-8221-DA40BC043E7A}"
EndProject
Global
	GlobalSection(SolutionConfigurationPlatforms) = preSolution
		Debug|Any CPU = Debug|Any CPU
		Release|Any CPU = Release|Any CPU
	EndGlobalSection
	GlobalSection(ProjectConfigurationPlatforms) = postSolution
		{357F2AEC-F3D3-4C35-8221-DA40BC043E7A}.Debug|Any CPU.ActiveCfg = Debug|Any CPU
		{357F2AEC-F3D3-4C35-8221-DA40BC043E7A}.Debug|Any CPU.Build.0 = Debug|Any CPU
		{357F2AEC-F3D3-4C35-8221-DA40BC043E7A}.Release|Any CPU.ActiveCfg = Release|Any CPU
		{357F2AEC-F3D3-4C35-8221-DA40BC043E7A}.Release|Any CPU.Build.0 = Release|Any CPU
	EndGlobalSection
	GlobalSection(SolutionProperties) = preSolution
		HideSolutionNode = FALSE
	EndGlobalSection
	GlobalSection(ExtensibilityGlobals) = postSolution
		SolutionGuid = {2244E2E1-74BD-47DD-B6E0-6FC73DEFC1D2}
	EndGlobalSection
EndGlobal
