
Microsoft Visual Studio Solution File, Format Version 12.00
# Visual Studio Version 17
VisualStudioVersion = 17.6.33815.320
MinimumVisualStudioVersion = 10.0.40219.1
Project("{FAE04EC0-301F-11D3-BF4B-00C04F79EFBC}") = "A041_Grading", "A041_Grading\A041_Grading.csproj", "{CA9B3FE2-417F-4B4F-9137-9BF3DC6559A6}"
EndProject
Global
	GlobalSection(SolutionConfigurationPlatforms) = preSolution
		Debug|Any CPU = Debug|Any CPU
		Release|Any CPU = Release|Any CPU
	EndGlobalSection
	GlobalSection(ProjectConfigurationPlatforms) = postSolution
		{CA9B3FE2-417F-4B4F-9137-9BF3DC6559A6}.Debug|Any CPU.ActiveCfg = Debug|Any CPU
		{CA9B3FE2-417F-4B4F-9137-9BF3DC6559A6}.Debug|Any CPU.Build.0 = Debug|Any CPU
		{CA9B3FE2-417F-4B4F-9137-9BF3DC6559A6}.Release|Any CPU.ActiveCfg = Release|Any CPU
		{CA9B3FE2-417F-4B4F-9137-9BF3DC6559A6}.Release|Any CPU.Build.0 = Release|Any CPU
	EndGlobalSection
	GlobalSection(SolutionProperties) = preSolution
		HideSolutionNode = FALSE
	EndGlobalSection
	GlobalSection(ExtensibilityGlobals) = postSolution
		SolutionGuid = {4947CB12-4D9D-4BA1-BE2D-9CFBD0C3317C}
	EndGlobalSection
EndGlobal
